// !$*UTF8*$!
{
	archiveVersion = 1;
	classes = {
	};
	objectVersion = 51;
	objects = {

/* Begin PBXBuildFile section */
		870BC3D826379F42000CD52B /* .swiftlint.yml in Resources */ = {isa = PBXBuildFile; fileRef = 870BC3D726379F42000CD52B /* .swiftlint.yml */; };
		87CFA37E2637CFA800D438D4 /* RxSwiftViewController.swift in Sources */ = {isa = PBXBuildFile; fileRef = 87CFA37D2637CFA800D438D4 /* RxSwiftViewController.swift */; };
		87CFA3802637CFBB00D438D4 /* RxSwiftViewModel.swift in Sources */ = {isa = PBXBuildFile; fileRef = 87CFA37F2637CFBB00D438D4 /* RxSwiftViewModel.swift */; };
		87D7ABAD261B312500A494C6 /* AppDelegate.swift in Sources */ = {isa = PBXBuildFile; fileRef = 87D7ABAC261B312500A494C6 /* AppDelegate.swift */; };
		87D7ABAF261B312500A494C6 /* SceneDelegate.swift in Sources */ = {isa = PBXBuildFile; fileRef = 87D7ABAE261B312500A494C6 /* SceneDelegate.swift */; };
		87D7ABB1261B312500A494C6 /* ViewController.swift in Sources */ = {isa = PBXBuildFile; fileRef = 87D7ABB0261B312500A494C6 /* ViewController.swift */; };
		87D7ABB4261B312500A494C6 /* Main.storyboard in Resources */ = {isa = PBXBuildFile; fileRef = 87D7ABB2261B312500A494C6 /* Main.storyboard */; };
		87D7ABB6261B312700A494C6 /* Assets.xcassets in Resources */ = {isa = PBXBuildFile; fileRef = 87D7ABB5261B312700A494C6 /* Assets.xcassets */; };
		87D7ABB9261B312700A494C6 /* LaunchScreen.storyboard in Resources */ = {isa = PBXBuildFile; fileRef = 87D7ABB7261B312700A494C6 /* LaunchScreen.storyboard */; };
		87D7ABC3261B31E900A494C6 /* ViewModel.swift in Sources */ = {isa = PBXBuildFile; fileRef = 87D7ABC2261B31E900A494C6 /* ViewModel.swift */; };
		87D7ABC8261B32AD00A494C6 /* Observable.swift in Sources */ = {isa = PBXBuildFile; fileRef = 87D7ABC7261B32AD00A494C6 /* Observable.swift */; };
		87D7ABCC261B44CF00A494C6 /* README.md in Resources */ = {isa = PBXBuildFile; fileRef = 87D7ABCB261B44CF00A494C6 /* README.md */; };
		C3BAD2DD74A019EEC37ED632 /* Pods_MVVMExample.framework in Frameworks */ = {isa = PBXBuildFile; fileRef = E8602ACD22B620B86277EB3F /* Pods_MVVMExample.framework */; };
/* End PBXBuildFile section */

/* Begin PBXFileReference section */
		037E39498C2F828A58724D9A /* Pods-MVVMExample.debug.xcconfig */ = {isa = PBXFileReference; includeInIndex = 1; lastKnownFileType = text.xcconfig; name = "Pods-MVVMExample.debug.xcconfig"; path = "Target Support Files/Pods-MVVMExample/Pods-MVVMExample.debug.xcconfig"; sourceTree = "<group>"; };
		538168154C651BE0CB1123C7 /* Pods-MVVMExample.release.xcconfig */ = {isa = PBXFileReference; includeInIndex = 1; lastKnownFileType = text.xcconfig; name = "Pods-MVVMExample.release.xcconfig"; path = "Target Support Files/Pods-MVVMExample/Pods-MVVMExample.release.xcconfig"; sourceTree = "<group>"; };
		870BC3D726379F42000CD52B /* .swiftlint.yml */ = {isa = PBXFileReference; lastKnownFileType = text.yaml; path = .swiftlint.yml; sourceTree = "<group>"; };
		87CFA37D2637CFA800D438D4 /* RxSwiftViewController.swift */ = {isa = PBXFileReference; lastKnownFileType = sourcecode.swift; path = RxSwiftViewController.swift; sourceTree = "<group>"; };
		87CFA37F2637CFBB00D438D4 /* RxSwiftViewModel.swift */ = {isa = PBXFileReference; lastKnownFileType = sourcecode.swift; path = RxSwiftViewModel.swift; sourceTree = "<group>"; };
		87D7ABA9261B312500A494C6 /* MVVMExample.app */ = {isa = PBXFileReference; explicitFileType = wrapper.application; includeInIndex = 0; path = MVVMExample.app; sourceTree = BUILT_PRODUCTS_DIR; };
		87D7ABAC261B312500A494C6 /* AppDelegate.swift */ = {isa = PBXFileReference; lastKnownFileType = sourcecode.swift; path = AppDelegate.swift; sourceTree = "<group>"; };
		87D7ABAE261B312500A494C6 /* SceneDelegate.swift */ = {isa = PBXFileReference; lastKnownFileType = sourcecode.swift; path = SceneDelegate.swift; sourceTree = "<group>"; };
		87D7ABB0261B312500A494C6 /* ViewController.swift */ = {isa = PBXFileReference; lastKnownFileType = sourcecode.swift; path = ViewController.swift; sourceTree = "<group>"; };
		87D7ABB3261B312500A494C6 /* Base */ = {isa = PBXFileReference; lastKnownFileType = file.storyboard; name = Base; path = Base.lproj/Main.storyboard; sourceTree = "<group>"; };
		87D7ABB5261B312700A494C6 /* Assets.xcassets */ = {isa = PBXFileReference; lastKnownFileType = folder.assetcatalog; path = Assets.xcassets; sourceTree = "<group>"; };
		87D7ABB8261B312700A494C6 /* Base */ = {isa = PBXFileReference; lastKnownFileType = file.storyboard; name = Base; path = Base.lproj/LaunchScreen.storyboard; sourceTree = "<group>"; };
		87D7ABBA261B312700A494C6 /* Info.plist */ = {isa = PBXFileReference; lastKnownFileType = text.plist.xml; path = Info.plist; sourceTree = "<group>"; };
		87D7ABC2261B31E900A494C6 /* ViewModel.swift */ = {isa = PBXFileReference; lastKnownFileType = sourcecode.swift; path = ViewModel.swift; sourceTree = "<group>"; };
		87D7ABC7261B32AD00A494C6 /* Observable.swift */ = {isa = PBXFileReference; lastKnownFileType = sourcecode.swift; path = Observable.swift; sourceTree = "<group>"; };
		87D7ABCB261B44CF00A494C6 /* README.md */ = {isa = PBXFileReference; lastKnownFileType = net.daringfireball.markdown; path = README.md; sourceTree = "<group>"; };
		E8602ACD22B620B86277EB3F /* Pods_MVVMExample.framework */ = {isa = PBXFileReference; explicitFileType = wrapper.framework; includeInIndex = 0; path = Pods_MVVMExample.framework; sourceTree = BUILT_PRODUCTS_DIR; };
/* End PBXFileReference section */

/* Begin PBXFrameworksBuildPhase section */
		87D7ABA6261B312500A494C6 /* Frameworks */ = {
			isa = PBXFrameworksBuildPhase;
			buildActionMask = 2147483647;
			files = (
				C3BAD2DD74A019EEC37ED632 /* Pods_MVVMExample.framework in Frameworks */,
			);
			runOnlyForDeploymentPostprocessing = 0;
		};
/* End PBXFrameworksBuildPhase section */

/* Begin PBXGroup section */
		2932B0DC286F5E34F4FE8B4F /* Pods */ = {
			isa = PBXGroup;
			children = (
				037E39498C2F828A58724D9A /* Pods-MVVMExample.debug.xcconfig */,
				538168154C651BE0CB1123C7 /* Pods-MVVMExample.release.xcconfig */,
			);
			path = Pods;
			sourceTree = "<group>";
		};
		7EB23B0C6DCB1ECB3647D26A /* Frameworks */ = {
			isa = PBXGroup;
			children = (
				E8602ACD22B620B86277EB3F /* Pods_MVVMExample.framework */,
			);
			name = Frameworks;
			sourceTree = "<group>";
		};
		870BC3E22637A095000CD52B /* ViewController */ = {
			isa = PBXGroup;
			children = (
				87D7ABB0261B312500A494C6 /* ViewController.swift */,
				87CFA37D2637CFA800D438D4 /* RxSwiftViewController.swift */,
			);
			path = ViewController;
			sourceTree = "<group>";
		};
		87D7ABA0261B312500A494C6 = {
			isa = PBXGroup;
			children = (
				870BC3D726379F42000CD52B /* .swiftlint.yml */,
				87D7ABCB261B44CF00A494C6 /* README.md */,
				87D7ABAB261B312500A494C6 /* MVVMExample */,
				87D7ABAA261B312500A494C6 /* Products */,
				2932B0DC286F5E34F4FE8B4F /* Pods */,
				7EB23B0C6DCB1ECB3647D26A /* Frameworks */,
			);
			sourceTree = "<group>";
		};
		87D7ABAA261B312500A494C6 /* Products */ = {
			isa = PBXGroup;
			children = (
				87D7ABA9261B312500A494C6 /* MVVMExample.app */,
			);
			name = Products;
			sourceTree = "<group>";
		};
		87D7ABAB261B312500A494C6 /* MVVMExample */ = {
			isa = PBXGroup;
			children = (
				870BC3E22637A095000CD52B /* ViewController */,
				87D7ABC6261B329A00A494C6 /* Utilities */,
				87D7ABC1261B31DB00A494C6 /* ViewModel */,
				87D7ABAC261B312500A494C6 /* AppDelegate.swift */,
				87D7ABAE261B312500A494C6 /* SceneDelegate.swift */,
				87D7ABB2261B312500A494C6 /* Main.storyboard */,
				87D7ABB5261B312700A494C6 /* Assets.xcassets */,
				87D7ABB7261B312700A494C6 /* LaunchScreen.storyboard */,
				87D7ABBA261B312700A494C6 /* Info.plist */,
			);
			path = MVVMExample;
			sourceTree = "<group>";
		};
		87D7ABC1261B31DB00A494C6 /* ViewModel */ = {
			isa = PBXGroup;
			children = (
				87D7ABC2261B31E900A494C6 /* ViewModel.swift */,
				87CFA37F2637CFBB00D438D4 /* RxSwiftViewModel.swift */,
			);
			path = ViewModel;
			sourceTree = "<group>";
		};
		87D7ABC6261B329A00A494C6 /* Utilities */ = {
			isa = PBXGroup;
			children = (
				87D7ABC7261B32AD00A494C6 /* Observable.swift */,
			);
			path = Utilities;
			sourceTree = "<group>";
		};
/* End PBXGroup section */

/* Begin PBXNativeTarget section */
		87D7ABA8261B312500A494C6 /* MVVMExample */ = {
			isa = PBXNativeTarget;
			buildConfigurationList = 87D7ABBD261B312700A494C6 /* Build configuration list for PBXNativeTarget "MVVMExample" */;
			buildPhases = (
				96B9FFB1EE16166B9E0AE311 /* [CP] Check Pods Manifest.lock */,
				87D7ABA5261B312500A494C6 /* Sources */,
				87D7ABA6261B312500A494C6 /* Frameworks */,
				87D7ABA7261B312500A494C6 /* Resources */,
				4E2A9C1752F65846306CF9CA /* [CP] Embed Pods Frameworks */,
				870BC3DA26379F81000CD52B /* SwiftLint */,
			);
			buildRules = (
			);
			dependencies = (
			);
			name = MVVMExample;
			productName = MVVMExample;
			productReference = 87D7ABA9261B312500A494C6 /* MVVMExample.app */;
			productType = "com.apple.product-type.application";
		};
/* End PBXNativeTarget section */

/* Begin PBXProject section */
		87D7ABA1261B312500A494C6 /* Project object */ = {
			isa = PBXProject;
			attributes = {
				LastSwiftUpdateCheck = 1240;
				LastUpgradeCheck = 1240;
				TargetAttributes = {
					87D7ABA8261B312500A494C6 = {
						CreatedOnToolsVersion = 12.4;
					};
				};
			};
			buildConfigurationList = 87D7ABA4261B312500A494C6 /* Build configuration list for PBXProject "MVVMExample" */;
			compatibilityVersion = "Xcode 9.3";
			developmentRegion = en;
			hasScannedForEncodings = 0;
			knownRegions = (
				en,
				Base,
			);
			mainGroup = 87D7ABA0261B312500A494C6;
			productRefGroup = 87D7ABAA261B312500A494C6 /* Products */;
			projectDirPath = "";
			projectRoot = "";
			targets = (
				87D7ABA8261B312500A494C6 /* MVVMExample */,
			);
		};
/* End PBXProject section */

/* Begin PBXResourcesBuildPhase section */
		87D7ABA7261B312500A494C6 /* Resources */ = {
			isa = PBXResourcesBuildPhase;
			buildActionMask = 2147483647;
			files = (
				870BC3D826379F42000CD52B /* .swiftlint.yml in Resources */,
				87D7ABB9261B312700A494C6 /* LaunchScreen.storyboard in Resources */,
				87D7ABB6261B312700A494C6 /* Assets.xcassets in Resources */,
				87D7ABCC261B44CF00A494C6 /* README.md in Resources */,
				87D7ABB4261B312500A494C6 /* Main.storyboard in Resources */,
			);
			runOnlyForDeploymentPostprocessing = 0;
		};
/* End PBXResourcesBuildPhase section */

/* Begin PBXShellScriptBuildPhase section */
		4E2A9C1752F65846306CF9CA /* [CP] Embed Pods Frameworks */ = {
			isa = PBXShellScriptBuildPhase;
			buildActionMask = 2147483647;
			files = (
			);
			inputFileListPaths = (
				"${PODS_ROOT}/Target Support Files/Pods-MVVMExample/Pods-MVVMExample-frameworks-${CONFIGURATION}-input-files.xcfilelist",
			);
			name = "[CP] Embed Pods Frameworks";
			outputFileListPaths = (
				"${PODS_ROOT}/Target Support Files/Pods-MVVMExample/Pods-MVVMExample-frameworks-${CONFIGURATION}-output-files.xcfilelist",
			);
			runOnlyForDeploymentPostprocessing = 0;
			shellPath = /bin/sh;
			shellScript = "\"${PODS_ROOT}/Target Support Files/Pods-MVVMExample/Pods-MVVMExample-frameworks.sh\"\n";
			showEnvVarsInLog = 0;
		};
		870BC3DA26379F81000CD52B /* SwiftLint */ = {
			isa = PBXShellScriptBuildPhase;
			buildActionMask = 2147483647;
			files = (
			);
			inputFileListPaths = (
			);
			inputPaths = (
			);
			name = SwiftLint;
			outputFileListPaths = (
			);
			outputPaths = (
			);
			runOnlyForDeploymentPostprocessing = 0;
			shellPath = /bin/sh;
			shellScript = "${PODS_ROOT}/SwiftLint/swiftlint autocorrect\n";
		};
		96B9FFB1EE16166B9E0AE311 /* [CP] Check Pods Manifest.lock */ = {
			isa = PBXShellScriptBuildPhase;
			buildActionMask = 2147483647;
			files = (
			);
			inputFileListPaths = (
			);
			inputPaths = (
				"${PODS_PODFILE_DIR_PATH}/Podfile.lock",
				"${PODS_ROOT}/Manifest.lock",
			);
			name = "[CP] Check Pods Manifest.lock";
			outputFileListPaths = (
			);
			outputPaths = (
				"$(DERIVED_FILE_DIR)/Pods-MVVMExample-checkManifestLockResult.txt",
			);
			runOnlyForDeploymentPostprocessing = 0;
			shellPath = /bin/sh;
			shellScript = "diff \"${PODS_PODFILE_DIR_PATH}/Podfile.lock\" \"${PODS_ROOT}/Manifest.lock\" > /dev/null\nif [ $? != 0 ] ; then\n    # print error to STDERR\n    echo \"error: The sandbox is not in sync with the Podfile.lock. Run 'pod install' or update your CocoaPods installation.\" >&2\n    exit 1\nfi\n# This output is used by Xcode 'outputs' to avoid re-running this script phase.\necho \"SUCCESS\" > \"${SCRIPT_OUTPUT_FILE_0}\"\n";
			showEnvVarsInLog = 0;
		};
/* End PBXShellScriptBuildPhase section */

/* Begin PBXSourcesBuildPhase section */
		87D7ABA5261B312500A494C6 /* Sources */ = {
			isa = PBXSourcesBuildPhase;
			buildActionMask = 2147483647;
			files = (
				87D7ABB1261B312500A494C6 /* ViewController.swift in Sources */,
				87D7ABC8261B32AD00A494C6 /* Observable.swift in Sources */,
				87CFA37E2637CFA800D438D4 /* RxSwiftViewController.swift in Sources */,
				87D7ABAD261B312500A494C6 /* AppDelegate.swift in Sources */,
				87D7ABC3261B31E900A494C6 /* ViewModel.swift in Sources */,
				87CFA3802637CFBB00D438D4 /* RxSwiftViewModel.swift in Sources */,
				87D7ABAF261B312500A494C6 /* SceneDelegate.swift in Sources */,
			);
			runOnlyForDeploymentPostprocessing = 0;
		};
/* End PBXSourcesBuildPhase section */

/* Begin PBXVariantGroup section */
		87D7ABB2261B312500A494C6 /* Main.storyboard */ = {
			isa = PBXVariantGroup;
			children = (
				87D7ABB3261B312500A494C6 /* Base */,
			);
			name = Main.storyboard;
			sourceTree = "<group>";
		};
		87D7ABB7261B312700A494C6 /* LaunchScreen.storyboard */ = {
			isa = PBXVariantGroup;
			children = (
				87D7ABB8261B312700A494C6 /* Base */,
			);
			name = LaunchScreen.storyboard;
			sourceTree = "<group>";
		};
/* End PBXVariantGroup section */

/* Begin XCBuildConfiguration section */
		87D7ABBB261B312700A494C6 /* Debug */ = {
			isa = XCBuildConfiguration;
			buildSettings = {
				ALWAYS_SEARCH_USER_PATHS = NO;
				CLANG_ANALYZER_NONNULL = YES;
				CLANG_ANALYZER_NUMBER_OBJECT_CONVERSION = YES_AGGRESSIVE;
				CLANG_CXX_LANGUAGE_STANDARD = "gnu++14";
				CLANG_CXX_LIBRARY = "libc++";
				CLANG_ENABLE_MODULES = YES;
				CLANG_ENABLE_OBJC_ARC = YES;
				CLANG_ENABLE_OBJC_WEAK = YES;
				CLANG_WARN_BLOCK_CAPTURE_AUTORELEASING = YES;
				CLANG_WARN_BOOL_CONVERSION = YES;
				CLANG_WARN_COMMA = YES;
				CLANG_WARN_CONSTANT_CONVERSION = YES;
				CLANG_WARN_DEPRECATED_OBJC_IMPLEMENTATIONS = YES;
				CLANG_WARN_DIRECT_OBJC_ISA_USAGE = YES_ERROR;
				CLANG_WARN_DOCUMENTATION_COMMENTS = YES;
				CLANG_WARN_EMPTY_BODY = YES;
				CLANG_WARN_ENUM_CONVERSION = YES;
				CLANG_WARN_INFINITE_RECURSION = YES;
				CLANG_WARN_INT_CONVERSION = YES;
				CLANG_WARN_NON_LITERAL_NULL_CONVERSION = YES;
				CLANG_WARN_OBJC_IMPLICIT_RETAIN_SELF = YES;
				CLANG_WARN_OBJC_LITERAL_CONVERSION = YES;
				CLANG_WARN_OBJC_ROOT_CLASS = YES_ERROR;
				CLANG_WARN_QUOTED_INCLUDE_IN_FRAMEWORK_HEADER = YES;
				CLANG_WARN_RANGE_LOOP_ANALYSIS = YES;
				CLANG_WARN_STRICT_PROTOTYPES = YES;
				CLANG_WARN_SUSPICIOUS_MOVE = YES;
				CLANG_WARN_UNGUARDED_AVAILABILITY = YES_AGGRESSIVE;
				CLANG_WARN_UNREACHABLE_CODE = YES;
				CLANG_WARN__DUPLICATE_METHOD_MATCH = YES;
				COPY_PHASE_STRIP = NO;
				DEBUG_INFORMATION_FORMAT = dwarf;
				ENABLE_STRICT_OBJC_MSGSEND = YES;
				ENABLE_TESTABILITY = YES;
				GCC_C_LANGUAGE_STANDARD = gnu11;
				GCC_DYNAMIC_NO_PIC = NO;
				GCC_NO_COMMON_BLOCKS = YES;
				GCC_OPTIMIZATION_LEVEL = 0;
				GCC_PREPROCESSOR_DEFINITIONS = (
					"DEBUG=1",
					"$(inherited)",
				);
				GCC_WARN_64_TO_32_BIT_CONVERSION = YES;
				GCC_WARN_ABOUT_RETURN_TYPE = YES_ERROR;
				GCC_WARN_UNDECLARED_SELECTOR = YES;
				GCC_WARN_UNINITIALIZED_AUTOS = YES_AGGRESSIVE;
				GCC_WARN_UNUSED_FUNCTION = YES;
				GCC_WARN_UNUSED_VARIABLE = YES;
				IPHONEOS_DEPLOYMENT_TARGET = 14.4;
				MTL_ENABLE_DEBUG_INFO = INCLUDE_SOURCE;
				MTL_FAST_MATH = YES;
				ONLY_ACTIVE_ARCH = YES;
				SDKROOT = iphoneos;
				SWIFT_ACTIVE_COMPILATION_CONDITIONS = DEBUG;
				SWIFT_OPTIMIZATION_LEVEL = "-Onone";
			};
			name = Debug;
		};
		87D7ABBC261B312700A494C6 /* Release */ = {
			isa = XCBuildConfiguration;
			buildSettings = {
				ALWAYS_SEARCH_USER_PATHS = NO;
				CLANG_ANALYZER_NONNULL = YES;
				CLANG_ANALYZER_NUMBER_OBJECT_CONVERSION = YES_AGGRESSIVE;
				CLANG_CXX_LANGUAGE_STANDARD = "gnu++14";
				CLANG_CXX_LIBRARY = "libc++";
				CLANG_ENABLE_MODULES = YES;
				CLANG_ENABLE_OBJC_ARC = YES;
				CLANG_ENABLE_OBJC_WEAK = YES;
				CLANG_WARN_BLOCK_CAPTURE_AUTORELEASING = YES;
				CLANG_WARN_BOOL_CONVERSION = YES;
				CLANG_WARN_COMMA = YES;
				CLANG_WARN_CONSTANT_CONVERSION = YES;
				CLANG_WARN_DEPRECATED_OBJC_IMPLEMENTATIONS = YES;
				CLANG_WARN_DIRECT_OBJC_ISA_USAGE = YES_ERROR;
				CLANG_WARN_DOCUMENTATION_COMMENTS = YES;
				CLANG_WARN_EMPTY_BODY = YES;
				CLANG_WARN_ENUM_CONVERSION = YES;
				CLANG_WARN_INFINITE_RECURSION = YES;
				CLANG_WARN_INT_CONVERSION = YES;
				CLANG_WARN_NON_LITERAL_NULL_CONVERSION = YES;
				CLANG_WARN_OBJC_IMPLICIT_RETAIN_SELF = YES;
				CLANG_WARN_OBJC_LITERAL_CONVERSION = YES;
				CLANG_WARN_OBJC_ROOT_CLASS = YES_ERROR;
				CLANG_WARN_QUOTED_INCLUDE_IN_FRAMEWORK_HEADER = YES;
				CLANG_WARN_RANGE_LOOP_ANALYSIS = YES;
				CLANG_WARN_STRICT_PROTOTYPES = YES;
				CLANG_WARN_SUSPICIOUS_MOVE = YES;
				CLANG_WARN_UNGUARDED_AVAILABILITY = YES_AGGRESSIVE;
				CLANG_WARN_UNREACHABLE_CODE = YES;
				CLANG_WARN__DUPLICATE_METHOD_MATCH = YES;
				COPY_PHASE_STRIP = NO;
				DEBUG_INFORMATION_FORMAT = "dwarf-with-dsym";
				ENABLE_NS_ASSERTIONS = NO;
				ENABLE_STRICT_OBJC_MSGSEND = YES;
				GCC_C_LANGUAGE_STANDARD = gnu11;
				GCC_NO_COMMON_BLOCKS = YES;
				GCC_WARN_64_TO_32_BIT_CONVERSION = YES;
				GCC_WARN_ABOUT_RETURN_TYPE = YES_ERROR;
				GCC_WARN_UNDECLARED_SELECTOR = YES;
				GCC_WARN_UNINITIALIZED_AUTOS = YES_AGGRESSIVE;
				GCC_WARN_UNUSED_FUNCTION = YES;
				GCC_WARN_UNUSED_VARIABLE = YES;
				IPHONEOS_DEPLOYMENT_TARGET = 14.4;
				MTL_ENABLE_DEBUG_INFO = NO;
				MTL_FAST_MATH = YES;
				SDKROOT = iphoneos;
				SWIFT_COMPILATION_MODE = wholemodule;
				SWIFT_OPTIMIZATION_LEVEL = "-O";
				VALIDATE_PRODUCT = YES;
			};
			name = Release;
		};
		87D7ABBE261B312700A494C6 /* Debug */ = {
			isa = XCBuildConfiguration;
			baseConfigurationReference = 037E39498C2F828A58724D9A /* Pods-MVVMExample.debug.xcconfig */;
			buildSettings = {
				ASSETCATALOG_COMPILER_APPICON_NAME = AppIcon;
				ASSETCATALOG_COMPILER_GLOBAL_ACCENT_COLOR_NAME = AccentColor;
				CODE_SIGN_STYLE = Automatic;
				DEVELOPMENT_TEAM = F95C5R6HLY;
				INFOPLIST_FILE = MVVMExample/Info.plist;
				LD_RUNPATH_SEARCH_PATHS = (
					"$(inherited)",
					"@executable_path/Frameworks",
				);
				PRODUCT_BUNDLE_IDENTIFIER = dev.jiwon.MVVMExample;
				PRODUCT_NAME = "$(TARGET_NAME)";
				SWIFT_VERSION = 5.0;
				TARGETED_DEVICE_FAMILY = "1,2";
			};
			name = Debug;
		};
		87D7ABBF261B312700A494C6 /* Release */ = {
			isa = XCBuildConfiguration;
			baseConfigurationReference = 538168154C651BE0CB1123C7 /* Pods-MVVMExample.release.xcconfig */;
			buildSettings = {
				ASSETCATALOG_COMPILER_APPICON_NAME = AppIcon;
				ASSETCATALOG_COMPILER_GLOBAL_ACCENT_COLOR_NAME = AccentColor;
				CODE_SIGN_STYLE = Automatic;
				DEVELOPMENT_TEAM = F95C5R6HLY;
				INFOPLIST_FILE = MVVMExample/Info.plist;
				LD_RUNPATH_SEARCH_PATHS = (
					"$(inherited)",
					"@executable_path/Frameworks",
				);
				PRODUCT_BUNDLE_IDENTIFIER = dev.jiwon.MVVMExample;
				PRODUCT_NAME = "$(TARGET_NAME)";
				SWIFT_VERSION = 5.0;
				TARGETED_DEVICE_FAMILY = "1,2";
			};
			name = Release;
		};
/* End XCBuildConfiguration section */

/* Begin XCConfigurationList section */
		87D7ABA4261B312500A494C6 /* Build configuration list for PBXProject "MVVMExample" */ = {
			isa = XCConfigurationList;
			buildConfigurations = (
				87D7ABBB261B312700A494C6 /* Debug */,
				87D7ABBC261B312700A494C6 /* Release */,
			);
			defaultConfigurationIsVisible = 0;
			defaultConfigurationName = Release;
		};
		87D7ABBD261B312700A494C6 /* Build configuration list for PBXNativeTarget "MVVMExample" */ = {
			isa = XCConfigurationList;
			buildConfigurations = (
				87D7ABBE261B312700A494C6 /* Debug */,
				87D7ABBF261B312700A494C6 /* Release */,
			);
			defaultConfigurationIsVisible = 0;
			defaultConfigurationName = Release;
		};
/* End XCConfigurationList section */
	};
	rootObject = 87D7ABA1261B312500A494C6 /* Project object */;
}
